
Microsoft Visual Studio Solution File, Format Version 12.00
# Visual Studio Version 16
VisualStudioVersion = 16.0.29609.76
MinimumVisualStudioVersion = 10.0.40219.1
Project("{9A19103F-16F7-4668-BE54-9A1E7A4F7556}") = "CodeTest", "CodeTest\CodeTest.csproj", "{36E7A5E0-612B-4756-9FD1-59A71534195D}"
EndProject
Global
	GlobalSection(SolutionConfigurationPlatforms) = preSolution
		Debug|Any CPU = Debug|Any CPU
		Release|Any CPU = Release|Any CPU
	EndGlobalSection
	GlobalSection(ProjectConfigurationPlatforms) = postSolution
		{36E7A5E0-612B-4756-9FD1-59A71534195D}.Debug|Any CPU.ActiveCfg = Debug|Any CPU
		{36E7A5E0-612B-4756-9FD1-59A71534195D}.Debug|Any CPU.Build.0 = Debug|Any CPU
		{36E7A5E0-612B-4756-9FD1-59A71534195D}.Release|Any CPU.ActiveCfg = Release|Any CPU
		{36E7A5E0-612B-4756-9FD1-59A71534195D}.Release|Any CPU.Build.0 = Release|Any CPU
	EndGlobalSection
	GlobalSection(SolutionProperties) = preSolution
		HideSolutionNode = FALSE
	EndGlobalSection
	GlobalSection(ExtensibilityGlobals) = postSolution
		SolutionGuid = {9A9D8DD4-FA35-4709-BF65-0FD58F132628}
	EndGlobalSection
EndGlobal
